version = 1
revision = 3
requires-python = ">=3.14"

[[package]]
name = "code"
version = "0.1.0"
source = { virtual = "." }
dependencies = [
    { name = "fastparquet" },
    { name = "pandas" },
    { name = "pyarrow" },
]

[package.metadata]
requires-dist = [
    { name = "fastparquet", specifier = ">=2025.12.0" },
    { name = "pandas", specifier = ">=2.3.3" },
    { name = "pyarrow", specifier = ">=22.0.0" },
]

[[package]]
name = "cramjam"
version = "2.11.0"
source = { registry = "https://pypi.org/simple" }
sdist = { url = "https://files.pythonhosted.org/packages/14/12/34bf6e840a79130dfd0da7badfb6f7810b8fcfd60e75b0539372667b41b6/cramjam-2.11.0.tar.gz", hash = "sha256:5c82500ed91605c2d9781380b378397012e25127e89d64f460fea6aeac4389b4", size = 99100, upload-time = "2025-07-27T21:25:07.559Z" }
wheels = [
    { url = "https://files.pythonhosted.org/packages/de/07/a1051cdbbe6d723df16d756b97f09da7c1adb69e29695c58f0392bc12515/cramjam-2.11.0-cp314-cp314-macosx_10_12_x86_64.macosx_11_0_arm64.macosx_10_12_universal2.whl", hash = "sha256:7ba5e38c9fbd06f086f4a5a64a1a5b7b417cd3f8fc07a20e5c03651f72f36100", size = 3554141, upload-time = "2025-07-27T21:23:17.938Z" },
    { url = "https://files.pythonhosted.org/packages/74/66/58487d2e16ef3d04f51a7c7f0e69823e806744b4c21101e89da4873074bc/cramjam-2.11.0-cp314-cp314-macosx_10_12_x86_64.whl", hash = "sha256:b8adeee57b41fe08e4520698a4b0bd3cc76dbd81f99424b806d70a5256a391d3", size = 1860353, upload-time = "2025-07-27T21:23:19.593Z" },
    { url = "https://files.pythonhosted.org/packages/67/b4/67f6254d166ffbcc9d5fa1b56876eaa920c32ebc8e9d3d525b27296b693b/cramjam-2.11.0-cp314-cp314-macosx_11_0_arm64.whl", hash = "sha256:b96a74fa03a636c8a7d76f700d50e9a8bc17a516d6a72d28711225d641e30968", size = 1693832, upload-time = "2025-07-27T21:23:21.185Z" },
    { url = "https://files.pythonhosted.org/packages/55/a3/4e0b31c0d454ae70c04684ed7c13d3c67b4c31790c278c1e788cb804fa4a/cramjam-2.11.0-cp314-cp314-manylinux_2_12_i686.manylinux2010_i686.whl", hash = "sha256:c3811a56fa32e00b377ef79121c0193311fd7501f0fb378f254c7f083cc1fbe0", size = 2027080, upload-time = "2025-07-27T21:23:23.303Z" },
    { url = "https://files.pythonhosted.org/packages/d9/c7/5e8eed361d1d3b8be14f38a54852c5370cc0ceb2c2d543b8ba590c34f080/cramjam-2.11.0-cp314-cp314-manylinux_2_17_aarch64.manylinux2014_aarch64.whl", hash = "sha256:c5d927e87461f8a0d448e4ab5eb2bca9f31ca5d8ea86d70c6f470bb5bc666d7e", size = 1761543, upload-time = "2025-07-27T21:23:24.991Z" },
    { url = "https://files.pythonhosted.org/packages/09/0c/06b7f8b0ce9fde89470505116a01fc0b6cb92d406c4fb1e46f168b5d3fa5/cramjam-2.11.0-cp314-cp314-manylinux_2_17_armv7l.manylinux2014_armv7l.whl", hash = "sha256:f1f5c450121430fd89cb5767e0a9728ecc65997768fd4027d069cb0368af62f9", size = 1854636, upload-time = "2025-07-27T21:23:26.987Z" },
    { url = "https://files.pythonhosted.org/packages/6f/c6/6ebc02c9d5acdf4e5f2b1ec6e1252bd5feee25762246798ae823b3347457/cramjam-2.11.0-cp314-cp314-manylinux_2_17_ppc64le.manylinux2014_ppc64le.whl", hash = "sha256:724aa7490be50235d97f07e2ca10067927c5d7f336b786ddbc868470e822aa25", size = 2032715, upload-time = "2025-07-27T21:23:28.603Z" },
    { url = "https://files.pythonhosted.org/packages/a2/77/a122971c23f5ca4b53e4322c647ac7554626c95978f92d19419315dddd05/cramjam-2.11.0-cp314-cp314-manylinux_2_17_s390x.manylinux2014_s390x.whl", hash = "sha256:54c4637122e7cfd7aac5c1d3d4c02364f446d6923ea34cf9d0e8816d6e7a4936", size = 2069039, upload-time = "2025-07-27T21:23:30.319Z" },
    { url = "https://files.pythonhosted.org/packages/19/0f/f6121b90b86b9093c066889274d26a1de3f29969d45c2ed1ecbe2033cb78/cramjam-2.11.0-cp314-cp314-manylinux_2_17_x86_64.manylinux2014_x86_64.whl", hash = "sha256:17eb39b1696179fb471eea2de958fa21f40a2cd8bf6b40d428312d5541e19dc4", size = 1979566, upload-time = "2025-07-27T21:23:32.002Z" },
    { url = "https://files.pythonhosted.org/packages/e0/a3/f95bc57fd7f4166ce6da816cfa917fb7df4bb80e669eb459d85586498414/cramjam-2.11.0-cp314-cp314-musllinux_1_1_aarch64.whl", hash = "sha256:36aa5a798aa34e11813a80425a30d8e052d8de4a28f27bfc0368cfc454d1b403", size = 2030905, upload-time = "2025-07-27T21:23:33.696Z" },
    { url = "https://files.pythonhosted.org/packages/fc/52/e429de4e8bc86ee65e090dae0f87f45abd271742c63fb2d03c522ffde28a/cramjam-2.11.0-cp314-cp314-musllinux_1_1_armv7l.whl", hash = "sha256:449fca52774dc0199545fbf11f5128933e5a6833946707885cf7be8018017839", size = 2155592, upload-time = "2025-07-27T21:23:35.375Z" },
    { url = "https://files.pythonhosted.org/packages/6c/6c/65a7a0207787ad39ad804af4da7f06a60149de19481d73d270b540657234/cramjam-2.11.0-cp314-cp314-musllinux_1_1_i686.whl", hash = "sha256:d87d37b3d476f4f7623c56a232045d25bd9b988314702ea01bd9b4a94948a778", size = 2170839, upload-time = "2025-07-27T21:23:37.197Z" },
    { url = "https://files.pythonhosted.org/packages/b2/c5/5c5db505ba692bc844246b066e23901d5905a32baf2f33719c620e65887f/cramjam-2.11.0-cp314-cp314-musllinux_1_1_x86_64.whl", hash = "sha256:26cb45c47d71982d76282e303931c6dd4baee1753e5d48f9a89b3a63e690b3a3", size = 2157236, upload-time = "2025-07-27T21:23:38.854Z" },
    { url = "https://files.pythonhosted.org/packages/b0/22/88e6693e60afe98901e5bbe91b8dea193e3aa7f42e2770f9c3339f5c1065/cramjam-2.11.0-cp314-cp314-win32.whl", hash = "sha256:4efe919d443c2fd112fe25fe636a52f9628250c9a50d9bddb0488d8a6c09acc6", size = 1604136, upload-time = "2025-07-27T21:23:40.56Z" },
    { url = "https://files.pythonhosted.org/packages/cc/f8/01618801cd59ccedcc99f0f96d20be67d8cfc3497da9ccaaad6b481781dd/cramjam-2.11.0-cp314-cp314-win_amd64.whl", hash = "sha256:ccec3524ea41b9abd5600e3e27001fd774199dbb4f7b9cb248fcee37d4bda84c", size = 1710272, upload-time = "2025-07-27T21:23:42.236Z" },
    { url = "https://files.pythonhosted.org/packages/40/81/6cdb3ed222d13ae86bda77aafe8d50566e81a1169d49ed195b6263610704/cramjam-2.11.0-cp314-cp314t-macosx_10_12_x86_64.macosx_11_0_arm64.macosx_10_12_universal2.whl", hash = "sha256:966ac9358b23d21ecd895c418c048e806fd254e46d09b1ff0cdad2eba195ea3e", size = 3559671, upload-time = "2025-07-27T21:23:44.504Z" },
    { url = "https://files.pythonhosted.org/packages/cb/43/52b7e54fe5ba1ef0270d9fdc43dabd7971f70ea2d7179be918c997820247/cramjam-2.11.0-cp314-cp314t-macosx_10_12_x86_64.whl", hash = "sha256:387f09d647a0d38dcb4539f8a14281f8eb6bb1d3e023471eb18a5974b2121c86", size = 1867876, upload-time = "2025-07-27T21:23:46.987Z" },
    { url = "https://files.pythonhosted.org/packages/9d/28/30d5b8d10acd30db3193bc562a313bff722888eaa45cfe32aa09389f2b24/cramjam-2.11.0-cp314-cp314t-macosx_11_0_arm64.whl", hash = "sha256:665b0d8fbbb1a7f300265b43926457ec78385200133e41fef19d85790fc1e800", size = 1695562, upload-time = "2025-07-27T21:23:48.644Z" },
    { url = "https://files.pythonhosted.org/packages/d9/86/ec806f986e01b896a650655024ea52a13e25c3ac8a3a382f493089483cdc/cramjam-2.11.0-cp314-cp314t-manylinux_2_12_i686.manylinux2010_i686.whl", hash = "sha256:ca905387c7a371531b9622d93471be4d745ef715f2890c3702479cd4fc85aa51", size = 2025056, upload-time = "2025-07-27T21:23:50.404Z" },
    { url = "https://files.pythonhosted.org/packages/09/43/c2c17586b90848d29d63181f7d14b8bd3a7d00975ad46e3edf2af8af7e1f/cramjam-2.11.0-cp314-cp314t-manylinux_2_17_aarch64.manylinux2014_aarch64.whl", hash = "sha256:3c1aa56aef2c8af55a21ed39040a94a12b53fb23beea290f94d19a76027e2ffb", size = 1764084, upload-time = "2025-07-27T21:23:52.265Z" },
    { url = "https://files.pythonhosted.org/packages/2b/a9/68bc334fadb434a61df10071dc8606702aa4f5b6cdb2df62474fc21d2845/cramjam-2.11.0-cp314-cp314t-manylinux_2_17_armv7l.manylinux2014_armv7l.whl", hash = "sha256:e5db59c1cdfaa2ab85cc988e602d6919495f735ca8a5fd7603608eb1e23c26d5", size = 1854859, upload-time = "2025-07-27T21:23:54.085Z" },
    { url = "https://files.pythonhosted.org/packages/5b/4e/b48e67835b5811ec5e9cb2e2bcba9c3fd76dab3e732569fe801b542c6ca9/cramjam-2.11.0-cp314-cp314t-manylinux_2_17_ppc64le.manylinux2014_ppc64le.whl", hash = "sha256:b1f893014f00fe5e89a660a032e813bf9f6d91de74cd1490cdb13b2b59d0c9a3", size = 2035970, upload-time = "2025-07-27T21:23:55.758Z" },
    { url = "https://files.pythonhosted.org/packages/c4/70/d2ac33d572b4d90f7f0f2c8a1d60fb48f06b128fdc2c05f9b49891bb0279/cramjam-2.11.0-cp314-cp314t-manylinux_2_17_s390x.manylinux2014_s390x.whl", hash = "sha256:c26a1eb487947010f5de24943bd7c422dad955b2b0f8650762539778c380ca89", size = 2069320, upload-time = "2025-07-27T21:23:57.494Z" },
    { url = "https://files.pythonhosted.org/packages/1d/4c/85cec77af4a74308ba5fca8e296c4e2f80ec465c537afc7ab1e0ca2f9a00/cramjam-2.11.0-cp314-cp314t-manylinux_2_17_x86_64.manylinux2014_x86_64.whl", hash = "sha256:7d5c8bfb438d94e7b892d1426da5fc4b4a5370cc360df9b8d9d77c33b896c37e", size = 1982668, upload-time = "2025-07-27T21:23:59.126Z" },
    { url = "https://files.pythonhosted.org/packages/55/45/938546d1629e008cc3138df7c424ef892719b1796ff408a2ab8550032e5e/cramjam-2.11.0-cp314-cp314t-musllinux_1_1_aarch64.whl", hash = "sha256:cb1fb8c9337ab0da25a01c05d69a0463209c347f16512ac43be5986f3d1ebaf4", size = 2034028, upload-time = "2025-07-27T21:24:00.865Z" },
    { url = "https://files.pythonhosted.org/packages/01/76/b5a53e20505555f1640e66dcf70394bcf51a1a3a072aa18ea35135a0f9ed/cramjam-2.11.0-cp314-cp314t-musllinux_1_1_armv7l.whl", hash = "sha256:1f6449f6de52dde3e2f1038284910c8765a397a25e2d05083870f3f5e7fc682c", size = 2155513, upload-time = "2025-07-27T21:24:02.92Z" },
    { url = "https://files.pythonhosted.org/packages/84/12/8d3f6ceefae81bbe45a347fdfa2219d9f3ac75ebc304f92cd5fcb4fbddc5/cramjam-2.11.0-cp314-cp314t-musllinux_1_1_i686.whl", hash = "sha256:382dec4f996be48ed9c6958d4e30c2b89435d7c2c4dbf32480b3b8886293dd65", size = 2170035, upload-time = "2025-07-27T21:24:04.558Z" },
    { url = "https://files.pythonhosted.org/packages/4b/85/3be6f0a1398f976070672be64f61895f8839857618a2d8cc0d3ab529d3dc/cramjam-2.11.0-cp314-cp314t-musllinux_1_1_x86_64.whl", hash = "sha256:d388bd5723732c3afe1dd1d181e4213cc4e1be210b080572e7d5749f6e955656", size = 2160229, upload-time = "2025-07-27T21:24:06.729Z" },
    { url = "https://files.pythonhosted.org/packages/57/5e/66cfc3635511b20014bbb3f2ecf0095efb3049e9e96a4a9e478e4f3d7b78/cramjam-2.11.0-cp314-cp314t-win32.whl", hash = "sha256:0a70ff17f8e1d13f322df616505550f0f4c39eda62290acb56f069d4857037c8", size = 1610267, upload-time = "2025-07-27T21:24:08.428Z" },
    { url = "https://files.pythonhosted.org/packages/ce/c6/c71e82e041c95ffe6a92ac707785500aa2a515a4339c2c7dd67e3c449249/cramjam-2.11.0-cp314-cp314t-win_amd64.whl", hash = "sha256:028400d699442d40dbda02f74158c73d05cb76587a12490d0bfedd958fd49188", size = 1713108, upload-time = "2025-07-27T21:24:10.147Z" },
]

[[package]]
name = "fastparquet"
version = "2025.12.0"
source = { registry = "https://pypi.org/simple" }
dependencies = [
    { name = "cramjam" },
    { name = "fsspec" },
    { name = "numpy" },
    { name = "packaging" },
    { name = "pandas" },
]
sdist = { url = "https://files.pythonhosted.org/packages/1e/ad/87f7f5750685e8e0a359d732c85332481ba9b5723af579f8755f81154d0b/fastparquet-2025.12.0.tar.gz", hash = "sha256:85f807d3846c7691855a68ed7ff6ee40654b72b997f5b1199e6310a1e19d1cd5", size = 480045, upload-time = "2025-12-18T16:22:22.016Z" }
wheels = [
    { url = "https://files.pythonhosted.org/packages/1a/3a/7bc677df8d4dadc4f7f2dee035c9578aa0e79e2c0f58ddc78e197e24fbc2/fastparquet-2025.12.0-cp314-cp314-macosx_10_15_universal2.whl", hash = "sha256:c0fe3f8a73160be7778e1a54ac4463b49a7e35e1f6c7fb9876b36d2ec572bead", size = 900184, upload-time = "2025-12-18T21:53:56.193Z" },
    { url = "https://files.pythonhosted.org/packages/c5/aa/2c726bfd2a6c0e18854a924c3faeee1c2e934b03915c8d2111a3c3f7c0fd/fastparquet-2025.12.0-cp314-cp314-macosx_11_0_arm64.whl", hash = "sha256:aec3a736e3c43f7d8f911946f4c56b8cc17e803932ca0cb75bb2643796adabeb", size = 692174, upload-time = "2025-12-18T21:54:16.329Z" },
    { url = "https://files.pythonhosted.org/packages/e3/c4/a0936ac68c7209ab4979ac45ab59d6efa700b5ddac62031f4ddd6b462f0d/fastparquet-2025.12.0-cp314-cp314-manylinux1_i686.manylinux_2_28_i686.manylinux_2_5_i686.whl", hash = "sha256:8aa32817dd571b10974b04c66e470a181208840466f155280ff3df43946c6b92", size = 1755044, upload-time = "2025-12-18T21:58:18.404Z" },
    { url = "https://files.pythonhosted.org/packages/64/54/0b06b3c8a778fd0795426e2a529672cb6925541ba2a1076e3d8940a6c565/fastparquet-2025.12.0-cp314-cp314-manylinux2014_aarch64.manylinux_2_17_aarch64.manylinux_2_28_aarch64.whl", hash = "sha256:9f5a9dc0036838950e449d6d05dd48e25b6b2741568b4e0872823195e23890b1", size = 1793074, upload-time = "2025-12-18T21:57:34.995Z" },
    { url = "https://files.pythonhosted.org/packages/11/23/7b5109f7ec39dbe3dc847a3a3d63105a78717d9fe874abbba7a90f047b31/fastparquet-2025.12.0-cp314-cp314-manylinux2014_x86_64.manylinux_2_17_x86_64.manylinux_2_28_x86_64.whl", hash = "sha256:05971c0974b5bb00c01622fe248f83008e58f06224212c778f7d46ccb092a7d2", size = 1802137, upload-time = "2025-12-18T21:58:50.504Z" },
    { url = "https://files.pythonhosted.org/packages/6a/8b/f3acc13ffec64803bbbb56977147e8ea105426f5034c9041d5d6d01c7e62/fastparquet-2025.12.0-cp314-cp314-musllinux_1_2_i686.whl", hash = "sha256:e86a3407933ff510dad077139eaae2c664d2bdeeb0b6ece2a1e1c98c87257dd3", size = 1781629, upload-time = "2025-12-18T21:58:20.015Z" },
    { url = "https://files.pythonhosted.org/packages/13/66/c102a8b01976afd4408ccfc7f121516168faaafb86a201716116ce5120d0/fastparquet-2025.12.0-cp314-cp314-musllinux_1_2_x86_64.whl", hash = "sha256:00349200d1103a34e34a94f535c1bf19870ab1654388b8a2aa50ca34046fc071", size = 1806721, upload-time = "2025-12-18T21:58:52.495Z" },
    { url = "https://files.pythonhosted.org/packages/b2/83/13340110f7daa99db2c9f090a2790602515dabc6dc263e88931482aaaf66/fastparquet-2025.12.0-cp314-cp314-win_amd64.whl", hash = "sha256:8f42036889a5729da1cae6e2a599b9c8b93af6f99973015ac14225d529300982", size = 673274, upload-time = "2025-12-18T21:59:13.642Z" },
    { url = "https://files.pythonhosted.org/packages/ff/df/22f149b01de42cc69a4faa1047e1902a91bf1085e79ccba20caceded8607/fastparquet-2025.12.0-cp314-cp314t-macosx_10_15_universal2.whl", hash = "sha256:a4e9165c98f0fdac70aba728055424b0b2830a9cb02e9048d3d82d2e9c0294c1", size = 929604, upload-time = "2025-12-18T21:53:57.814Z" },
    { url = "https://files.pythonhosted.org/packages/f1/e8/18b0831254eb8a3b07caf374a23dc011eeffa5f8bc5507d2b43498bc577d/fastparquet-2025.12.0-cp314-cp314t-macosx_11_0_arm64.whl", hash = "sha256:69b80faf4c9d154fc95d3f291a55b1d782c684e9fcfe443a274c3e92d36a963c", size = 708902, upload-time = "2025-12-18T21:54:17.803Z" },
    { url = "https://files.pythonhosted.org/packages/e8/0c/a29aa2c84b46d35e5dc4ece79f0fca67a6889a51ac3d0330a7fb22cf82fd/fastparquet-2025.12.0-cp314-cp314t-manylinux1_i686.manylinux_2_28_i686.manylinux_2_5_i686.whl", hash = "sha256:8b9c9108127778d9628cce342f4e4c98890a4b686f677ed4973bc0edd6e25af9", size = 1771639, upload-time = "2025-12-18T21:58:21.761Z" },
    { url = "https://files.pythonhosted.org/packages/9f/62/2d851d5effe3c95b36ae948fb7da46d00ae8f88ae0d6907403b2ac5183c9/fastparquet-2025.12.0-cp314-cp314t-manylinux2014_aarch64.manylinux_2_17_aarch64.manylinux_2_28_aarch64.whl", hash = "sha256:9c052cacccfc6f8cb2ca98e809380969214b79471d49867f802184d3ea68d1e9", size = 1830649, upload-time = "2025-12-18T21:57:36.884Z" },
    { url = "https://files.pythonhosted.org/packages/bf/a1/868f2d5db3fc9965e4ca6a68f6ab5fef3ade0104136e3556299c952bc720/fastparquet-2025.12.0-cp314-cp314t-manylinux2014_x86_64.manylinux_2_17_x86_64.manylinux_2_28_x86_64.whl", hash = "sha256:c027278b5372e11a005b8d1ad9d85e86a9d70077dc8918cda99f90e657dc7251", size = 1820867, upload-time = "2025-12-18T21:58:54.645Z" },
    { url = "https://files.pythonhosted.org/packages/20/9c/f900734e546425509cf1f5cc9cd4f75275dff45c40d8c65feb0f148e4118/fastparquet-2025.12.0-cp314-cp314t-musllinux_1_2_i686.whl", hash = "sha256:618cc4388f5bc1d85587c0842f6c0d1af8ab2e27a5aa8074aa233b157f68f2c0", size = 1786865, upload-time = "2025-12-18T21:58:23.136Z" },
    { url = "https://files.pythonhosted.org/packages/34/14/88068907d837964d407d5835df6672ea635881d6e0937ca21dac088342bc/fastparquet-2025.12.0-cp314-cp314t-musllinux_1_2_x86_64.whl", hash = "sha256:3e3fac9215a00a6a6836400437a7797841cb2f6393e38ff0a77c5e1aa37cfa44", size = 1817440, upload-time = "2025-12-18T21:58:56.702Z" },
    { url = "https://files.pythonhosted.org/packages/7a/d9/5c4a0871d7b111c7115c02feb071c07a0a1c1da0afc1c35d9acb7958fd95/fastparquet-2025.12.0-cp314-cp314t-win_amd64.whl", hash = "sha256:1bbacfff213b1cfbfa189ba1023f3fa9e3025ce6590c1becdb76a6ac1e84e623", size = 707783, upload-time = "2025-12-18T21:59:15.138Z" },
]

[[package]]
name = "fsspec"
version = "2025.12.0"
source = { registry = "https://pypi.org/simple" }
sdist = { url = "https://files.pythonhosted.org/packages/b6/27/954057b0d1f53f086f681755207dda6de6c660ce133c829158e8e8fe7895/fsspec-2025.12.0.tar.gz", hash = "sha256:c505de011584597b1060ff778bb664c1bc022e87921b0e4f10cc9c44f9635973", size = 309748, upload-time = "2025-12-03T15:23:42.687Z" }
wheels = [
    { url = "https://files.pythonhosted.org/packages/51/c7/b64cae5dba3a1b138d7123ec36bb5ccd39d39939f18454407e5468f4763f/fsspec-2025.12.0-py3-none-any.whl", hash = "sha256:8bf1fe301b7d8acfa6e8571e3b1c3d158f909666642431cc78a1b7b4dbc5ec5b", size = 201422, upload-time = "2025-12-03T15:23:41.434Z" },
]

[[package]]
name = "numpy"
version = "2.4.0"
source = { registry = "https://pypi.org/simple" }
sdist = { url = "https://files.pythonhosted.org/packages/a4/7a/6a3d14e205d292b738db449d0de649b373a59edb0d0b4493821d0a3e8718/numpy-2.4.0.tar.gz", hash = "sha256:6e504f7b16118198f138ef31ba24d985b124c2c469fe8467007cf30fd992f934", size = 20685720, upload-time = "2025-12-20T16:18:19.023Z" }
wheels = [
    { url = "https://files.pythonhosted.org/packages/ab/ed/52eac27de39d5e5a6c9aadabe672bc06f55e24a3d9010cd1183948055d76/numpy-2.4.0-cp314-cp314-macosx_10_15_x86_64.whl", hash = "sha256:c95eb6db2884917d86cde0b4d4cf31adf485c8ec36bf8696dd66fa70de96f36b", size = 16647476, upload-time = "2025-12-20T16:17:17.671Z" },
    { url = "https://files.pythonhosted.org/packages/77/c0/990ce1b7fcd4e09aeaa574e2a0a839589e4b08b2ca68070f1acb1fea6736/numpy-2.4.0-cp314-cp314-macosx_11_0_arm64.whl", hash = "sha256:65167da969cd1ec3a1df31cb221ca3a19a8aaa25370ecb17d428415e93c1935e", size = 12374563, upload-time = "2025-12-20T16:17:20.216Z" },
    { url = "https://files.pythonhosted.org/packages/37/7c/8c5e389c6ae8f5fd2277a988600d79e9625db3fff011a2d87ac80b881a4c/numpy-2.4.0-cp314-cp314-macosx_14_0_arm64.whl", hash = "sha256:3de19cfecd1465d0dcf8a5b5ea8b3155b42ed0b639dba4b71e323d74f2a3be5e", size = 5203107, upload-time = "2025-12-20T16:17:22.47Z" },
    { url = "https://files.pythonhosted.org/packages/e6/94/ca5b3bd6a8a70a5eec9a0b8dd7f980c1eff4b8a54970a9a7fef248ef564f/numpy-2.4.0-cp314-cp314-macosx_14_0_x86_64.whl", hash = "sha256:6c05483c3136ac4c91b4e81903cb53a8707d316f488124d0398499a4f8e8ef51", size = 6538067, upload-time = "2025-12-20T16:17:24.001Z" },
    { url = "https://files.pythonhosted.org/packages/79/43/993eb7bb5be6761dde2b3a3a594d689cec83398e3f58f4758010f3b85727/numpy-2.4.0-cp314-cp314-manylinux_2_27_aarch64.manylinux_2_28_aarch64.whl", hash = "sha256:36667db4d6c1cea79c8930ab72fadfb4060feb4bfe724141cd4bd064d2e5f8ce", size = 14411926, upload-time = "2025-12-20T16:17:25.822Z" },
    { url = "https://files.pythonhosted.org/packages/03/75/d4c43b61de473912496317a854dac54f1efec3eeb158438da6884b70bb90/numpy-2.4.0-cp314-cp314-manylinux_2_27_x86_64.manylinux_2_28_x86_64.whl", hash = "sha256:9a818668b674047fd88c4cddada7ab8f1c298812783e8328e956b78dc4807f9f", size = 16354295, upload-time = "2025-12-20T16:17:28.308Z" },
    { url = "https://files.pythonhosted.org/packages/b8/0a/b54615b47ee8736a6461a4bb6749128dd3435c5a759d5663f11f0e9af4ac/numpy-2.4.0-cp314-cp314-musllinux_1_2_aarch64.whl", hash = "sha256:1ee32359fb7543b7b7bd0b2f46294db27e29e7bbdf70541e81b190836cd83ded", size = 16190242, upload-time = "2025-12-20T16:17:30.993Z" },
    { url = "https://files.pythonhosted.org/packages/98/ce/ea207769aacad6246525ec6c6bbd66a2bf56c72443dc10e2f90feed29290/numpy-2.4.0-cp314-cp314-musllinux_1_2_x86_64.whl", hash = "sha256:e493962256a38f58283de033d8af176c5c91c084ea30f15834f7545451c42059", size = 18280875, upload-time = "2025-12-20T16:17:33.327Z" },
    { url = "https://files.pythonhosted.org/packages/17/ef/ec409437aa962ea372ed601c519a2b141701683ff028f894b7466f0ab42b/numpy-2.4.0-cp314-cp314-win32.whl", hash = "sha256:6bbaebf0d11567fa8926215ae731e1d58e6ec28a8a25235b8a47405d301332db", size = 6002530, upload-time = "2025-12-20T16:17:35.729Z" },
    { url = "https://files.pythonhosted.org/packages/5f/4a/5cb94c787a3ed1ac65e1271b968686521169a7b3ec0b6544bb3ca32960b0/numpy-2.4.0-cp314-cp314-win_amd64.whl", hash = "sha256:3d857f55e7fdf7c38ab96c4558c95b97d1c685be6b05c249f5fdafcbd6f9899e", size = 12435890, upload-time = "2025-12-20T16:17:37.599Z" },
    { url = "https://files.pythonhosted.org/packages/48/a0/04b89db963af9de1104975e2544f30de89adbf75b9e75f7dd2599be12c79/numpy-2.4.0-cp314-cp314-win_arm64.whl", hash = "sha256:bb50ce5fb202a26fd5404620e7ef820ad1ab3558b444cb0b55beb7ef66cd2d63", size = 10591892, upload-time = "2025-12-20T16:17:39.649Z" },
    { url = "https://files.pythonhosted.org/packages/53/e5/d74b5ccf6712c06c7a545025a6a71bfa03bdc7e0568b405b0d655232fd92/numpy-2.4.0-cp314-cp314t-macosx_11_0_arm64.whl", hash = "sha256:355354388cba60f2132df297e2d53053d4063f79077b67b481d21276d61fc4df", size = 12494312, upload-time = "2025-12-20T16:17:41.714Z" },
    { url = "https://files.pythonhosted.org/packages/c2/08/3ca9cc2ddf54dfee7ae9a6479c071092a228c68aef08252aa08dac2af002/numpy-2.4.0-cp314-cp314t-macosx_14_0_arm64.whl", hash = "sha256:1d8f9fde5f6dc1b6fc34df8162f3b3079365468703fee7f31d4e0cc8c63baed9", size = 5322862, upload-time = "2025-12-20T16:17:44.145Z" },
    { url = "https://files.pythonhosted.org/packages/87/74/0bb63a68394c0c1e52670cfff2e309afa41edbe11b3327d9af29e4383f34/numpy-2.4.0-cp314-cp314t-macosx_14_0_x86_64.whl", hash = "sha256:e0434aa22c821f44eeb4c650b81c7fbdd8c0122c6c4b5a576a76d5a35625ecd9", size = 6644986, upload-time = "2025-12-20T16:17:46.203Z" },
    { url = "https://files.pythonhosted.org/packages/06/8f/9264d9bdbcf8236af2823623fe2f3981d740fc3461e2787e231d97c38c28/numpy-2.4.0-cp314-cp314t-manylinux_2_27_aarch64.manylinux_2_28_aarch64.whl", hash = "sha256:40483b2f2d3ba7aad426443767ff5632ec3156ef09742b96913787d13c336471", size = 14457958, upload-time = "2025-12-20T16:17:48.017Z" },
    { url = "https://files.pythonhosted.org/packages/8c/d9/f9a69ae564bbc7236a35aa883319364ef5fd41f72aa320cc1cbe66148fe2/numpy-2.4.0-cp314-cp314t-manylinux_2_27_x86_64.manylinux_2_28_x86_64.whl", hash = "sha256:d9e6a7664ddd9746e20b7325351fe1a8408d0a2bf9c63b5e898290ddc8f09544", size = 16398394, upload-time = "2025-12-20T16:17:50.409Z" },
    { url = "https://files.pythonhosted.org/packages/34/c7/39241501408dde7f885d241a98caba5421061a2c6d2b2197ac5e3aa842d8/numpy-2.4.0-cp314-cp314t-musllinux_1_2_aarch64.whl", hash = "sha256:ecb0019d44f4cdb50b676c5d0cb4b1eae8e15d1ed3d3e6639f986fc92b2ec52c", size = 16241044, upload-time = "2025-12-20T16:17:52.661Z" },
    { url = "https://files.pythonhosted.org/packages/7c/95/cae7effd90e065a95e59fe710eeee05d7328ed169776dfdd9f789e032125/numpy-2.4.0-cp314-cp314t-musllinux_1_2_x86_64.whl", hash = "sha256:d0ffd9e2e4441c96a9c91ec1783285d80bf835b677853fc2770a89d50c1e48ac", size = 18321772, upload-time = "2025-12-20T16:17:54.947Z" },
    { url = "https://files.pythonhosted.org/packages/96/df/3c6c279accd2bfb968a76298e5b276310bd55d243df4fa8ac5816d79347d/numpy-2.4.0-cp314-cp314t-win32.whl", hash = "sha256:77f0d13fa87036d7553bf81f0e1fe3ce68d14c9976c9851744e4d3e91127e95f", size = 6148320, upload-time = "2025-12-20T16:17:57.249Z" },
    { url = "https://files.pythonhosted.org/packages/92/8d/f23033cce252e7a75cae853d17f582e86534c46404dea1c8ee094a9d6d84/numpy-2.4.0-cp314-cp314t-win_amd64.whl", hash = "sha256:b1f5b45829ac1848893f0ddf5cb326110604d6df96cdc255b0bf9edd154104d4", size = 12623460, upload-time = "2025-12-20T16:17:58.963Z" },
    { url = "https://files.pythonhosted.org/packages/a4/4f/1f8475907d1a7c4ef9020edf7f39ea2422ec896849245f00688e4b268a71/numpy-2.4.0-cp314-cp314t-win_arm64.whl", hash = "sha256:23a3e9d1a6f360267e8fbb38ba5db355a6a7e9be71d7fce7ab3125e88bb646c8", size = 10661799, upload-time = "2025-12-20T16:18:01.078Z" },
]

[[package]]
name = "packaging"
version = "25.0"
source = { registry = "https://pypi.org/simple" }
sdist = { url = "https://files.pythonhosted.org/packages/a1/d4/1fc4078c65507b51b96ca8f8c3ba19e6a61c8253c72794544580a7b6c24d/packaging-25.0.tar.gz", hash = "sha256:d443872c98d677bf60f6a1f2f8c1cb748e8fe762d2bf9d3148b5599295b0fc4f", size = 165727, upload-time = "2025-04-19T11:48:59.673Z" }
wheels = [
    { url = "https://files.pythonhosted.org/packages/20/12/38679034af332785aac8774540895e234f4d07f7545804097de4b666afd8/packaging-25.0-py3-none-any.whl", hash = "sha256:29572ef2b1f17581046b3a2227d5c611fb25ec70ca1ba8554b24b0e69331a484", size = 66469, upload-time = "2025-04-19T11:48:57.875Z" },
]

[[package]]
name = "pandas"
version = "2.3.3"
source = { registry = "https://pypi.org/simple" }
dependencies = [
    { name = "numpy" },
    { name = "python-dateutil" },
    { name = "pytz" },
    { name = "tzdata" },
]
sdist = { url = "https://files.pythonhosted.org/packages/33/01/d40b85317f86cf08d853a4f495195c73815fdf205eef3993821720274518/pandas-2.3.3.tar.gz", hash = "sha256:e05e1af93b977f7eafa636d043f9f94c7ee3ac81af99c13508215942e64c993b", size = 4495223, upload-time = "2025-09-29T23:34:51.853Z" }
wheels = [
    { url = "https://files.pythonhosted.org/packages/04/fd/74903979833db8390b73b3a8a7d30d146d710bd32703724dd9083950386f/pandas-2.3.3-cp314-cp314-macosx_10_13_x86_64.whl", hash = "sha256:ee15f284898e7b246df8087fc82b87b01686f98ee67d85a17b7ab44143a3a9a0", size = 11540635, upload-time = "2025-09-29T23:25:52.486Z" },
    { url = "https://files.pythonhosted.org/packages/21/00/266d6b357ad5e6d3ad55093a7e8efc7dd245f5a842b584db9f30b0f0a287/pandas-2.3.3-cp314-cp314-macosx_11_0_arm64.whl", hash = "sha256:1611aedd912e1ff81ff41c745822980c49ce4a7907537be8692c8dbc31924593", size = 10759079, upload-time = "2025-09-29T23:26:33.204Z" },
    { url = "https://files.pythonhosted.org/packages/ca/05/d01ef80a7a3a12b2f8bbf16daba1e17c98a2f039cbc8e2f77a2c5a63d382/pandas-2.3.3-cp314-cp314-manylinux_2_24_aarch64.manylinux_2_28_aarch64.whl", hash = "sha256:6d2cefc361461662ac48810cb14365a365ce864afe85ef1f447ff5a1e99ea81c", size = 11814049, upload-time = "2025-09-29T23:27:15.384Z" },
    { url = "https://files.pythonhosted.org/packages/15/b2/0e62f78c0c5ba7e3d2c5945a82456f4fac76c480940f805e0b97fcbc2f65/pandas-2.3.3-cp314-cp314-manylinux_2_24_x86_64.manylinux_2_28_x86_64.whl", hash = "sha256:ee67acbbf05014ea6c763beb097e03cd629961c8a632075eeb34247120abcb4b", size = 12332638, upload-time = "2025-09-29T23:27:51.625Z" },
    { url = "https://files.pythonhosted.org/packages/c5/33/dd70400631b62b9b29c3c93d2feee1d0964dc2bae2e5ad7a6c73a7f25325/pandas-2.3.3-cp314-cp314-musllinux_1_2_aarch64.whl", hash = "sha256:c46467899aaa4da076d5abc11084634e2d197e9460643dd455ac3db5856b24d6", size = 12886834, upload-time = "2025-09-29T23:28:21.289Z" },
    { url = "https://files.pythonhosted.org/packages/d3/18/b5d48f55821228d0d2692b34fd5034bb185e854bdb592e9c640f6290e012/pandas-2.3.3-cp314-cp314-musllinux_1_2_x86_64.whl", hash = "sha256:6253c72c6a1d990a410bc7de641d34053364ef8bcd3126f7e7450125887dffe3", size = 13409925, upload-time = "2025-09-29T23:28:58.261Z" },
    { url = "https://files.pythonhosted.org/packages/a6/3d/124ac75fcd0ecc09b8fdccb0246ef65e35b012030defb0e0eba2cbbbe948/pandas-2.3.3-cp314-cp314-win_amd64.whl", hash = "sha256:1b07204a219b3b7350abaae088f451860223a52cfb8a6c53358e7948735158e5", size = 11109071, upload-time = "2025-09-29T23:32:27.484Z" },
    { url = "https://files.pythonhosted.org/packages/89/9c/0e21c895c38a157e0faa1fb64587a9226d6dd46452cac4532d80c3c4a244/pandas-2.3.3-cp314-cp314t-macosx_10_13_x86_64.whl", hash = "sha256:2462b1a365b6109d275250baaae7b760fd25c726aaca0054649286bcfbb3e8ec", size = 12048504, upload-time = "2025-09-29T23:29:31.47Z" },
    { url = "https://files.pythonhosted.org/packages/d7/82/b69a1c95df796858777b68fbe6a81d37443a33319761d7c652ce77797475/pandas-2.3.3-cp314-cp314t-macosx_11_0_arm64.whl", hash = "sha256:0242fe9a49aa8b4d78a4fa03acb397a58833ef6199e9aa40a95f027bb3a1b6e7", size = 11410702, upload-time = "2025-09-29T23:29:54.591Z" },
    { url = "https://files.pythonhosted.org/packages/f9/88/702bde3ba0a94b8c73a0181e05144b10f13f29ebfc2150c3a79062a8195d/pandas-2.3.3-cp314-cp314t-manylinux_2_24_aarch64.manylinux_2_28_aarch64.whl", hash = "sha256:a21d830e78df0a515db2b3d2f5570610f5e6bd2e27749770e8bb7b524b89b450", size = 11634535, upload-time = "2025-09-29T23:30:21.003Z" },
    { url = "https://files.pythonhosted.org/packages/a4/1e/1bac1a839d12e6a82ec6cb40cda2edde64a2013a66963293696bbf31fbbb/pandas-2.3.3-cp314-cp314t-manylinux_2_24_x86_64.manylinux_2_28_x86_64.whl", hash = "sha256:2e3ebdb170b5ef78f19bfb71b0dc5dc58775032361fa188e814959b74d726dd5", size = 12121582, upload-time = "2025-09-29T23:30:43.391Z" },
    { url = "https://files.pythonhosted.org/packages/44/91/483de934193e12a3b1d6ae7c8645d083ff88dec75f46e827562f1e4b4da6/pandas-2.3.3-cp314-cp314t-musllinux_1_2_aarch64.whl", hash = "sha256:d051c0e065b94b7a3cea50eb1ec32e912cd96dba41647eb24104b6c6c14c5788", size = 12699963, upload-time = "2025-09-29T23:31:10.009Z" },
    { url = "https://files.pythonhosted.org/packages/70/44/5191d2e4026f86a2a109053e194d3ba7a31a2d10a9c2348368c63ed4e85a/pandas-2.3.3-cp314-cp314t-musllinux_1_2_x86_64.whl", hash = "sha256:3869faf4bd07b3b66a9f462417d0ca3a9df29a9f6abd5d0d0dbab15dac7abe87", size = 13202175, upload-time = "2025-09-29T23:31:59.173Z" },
]

[[package]]
name = "pyarrow"
version = "22.0.0"
source = { registry = "https://pypi.org/simple" }
sdist = { url = "https://files.pythonhosted.org/packages/30/53/04a7fdc63e6056116c9ddc8b43bc28c12cdd181b85cbeadb79278475f3ae/pyarrow-22.0.0.tar.gz", hash = "sha256:3d600dc583260d845c7d8a6db540339dd883081925da2bd1c5cb808f720b3cd9", size = 1151151, upload-time = "2025-10-24T12:30:00.762Z" }
wheels = [
    { url = "https://files.pythonhosted.org/packages/bd/b0/0fa4d28a8edb42b0a7144edd20befd04173ac79819547216f8a9f36f9e50/pyarrow-22.0.0-cp314-cp314-macosx_12_0_arm64.whl", hash = "sha256:9bddc2cade6561f6820d4cd73f99a0243532ad506bc510a75a5a65a522b2d74d", size = 34224062, upload-time = "2025-10-24T10:08:14.101Z" },
    { url = "https://files.pythonhosted.org/packages/0f/a8/7a719076b3c1be0acef56a07220c586f25cd24de0e3f3102b438d18ae5df/pyarrow-22.0.0-cp314-cp314-macosx_12_0_x86_64.whl", hash = "sha256:e70ff90c64419709d38c8932ea9fe1cc98415c4f87ea8da81719e43f02534bc9", size = 35990057, upload-time = "2025-10-24T10:08:21.842Z" },
    { url = "https://files.pythonhosted.org/packages/89/3c/359ed54c93b47fb6fe30ed16cdf50e3f0e8b9ccfb11b86218c3619ae50a8/pyarrow-22.0.0-cp314-cp314-manylinux_2_28_aarch64.whl", hash = "sha256:92843c305330aa94a36e706c16209cd4df274693e777ca47112617db7d0ef3d7", size = 45068002, upload-time = "2025-10-24T10:08:29.034Z" },
    { url = "https://files.pythonhosted.org/packages/55/fc/4945896cc8638536ee787a3bd6ce7cec8ec9acf452d78ec39ab328efa0a1/pyarrow-22.0.0-cp314-cp314-manylinux_2_28_x86_64.whl", hash = "sha256:6dda1ddac033d27421c20d7a7943eec60be44e0db4e079f33cc5af3b8280ccde", size = 47737765, upload-time = "2025-10-24T10:08:38.559Z" },
    { url = "https://files.pythonhosted.org/packages/cd/5e/7cb7edeb2abfaa1f79b5d5eb89432356155c8426f75d3753cbcb9592c0fd/pyarrow-22.0.0-cp314-cp314-musllinux_1_2_aarch64.whl", hash = "sha256:84378110dd9a6c06323b41b56e129c504d157d1a983ce8f5443761eb5256bafc", size = 48048139, upload-time = "2025-10-24T10:08:46.784Z" },
    { url = "https://files.pythonhosted.org/packages/88/c6/546baa7c48185f5e9d6e59277c4b19f30f48c94d9dd938c2a80d4d6b067c/pyarrow-22.0.0-cp314-cp314-musllinux_1_2_x86_64.whl", hash = "sha256:854794239111d2b88b40b6ef92aa478024d1e5074f364033e73e21e3f76b25e0", size = 50314244, upload-time = "2025-10-24T10:08:55.771Z" },
    { url = "https://files.pythonhosted.org/packages/3c/79/755ff2d145aafec8d347bf18f95e4e81c00127f06d080135dfc86aea417c/pyarrow-22.0.0-cp314-cp314-win_amd64.whl", hash = "sha256:b883fe6fd85adad7932b3271c38ac289c65b7337c2c132e9569f9d3940620730", size = 28757501, upload-time = "2025-10-24T10:09:59.891Z" },
    { url = "https://files.pythonhosted.org/packages/0e/d2/237d75ac28ced3147912954e3c1a174df43a95f4f88e467809118a8165e0/pyarrow-22.0.0-cp314-cp314t-macosx_12_0_arm64.whl", hash = "sha256:7a820d8ae11facf32585507c11f04e3f38343c1e784c9b5a8b1da5c930547fe2", size = 34355506, upload-time = "2025-10-24T10:09:02.953Z" },
    { url = "https://files.pythonhosted.org/packages/1e/2c/733dfffe6d3069740f98e57ff81007809067d68626c5faef293434d11bd6/pyarrow-22.0.0-cp314-cp314t-macosx_12_0_x86_64.whl", hash = "sha256:c6ec3675d98915bf1ec8b3c7986422682f7232ea76cad276f4c8abd5b7319b70", size = 36047312, upload-time = "2025-10-24T10:09:10.334Z" },
    { url = "https://files.pythonhosted.org/packages/7c/2b/29d6e3782dc1f299727462c1543af357a0f2c1d3c160ce199950d9ca51eb/pyarrow-22.0.0-cp314-cp314t-manylinux_2_28_aarch64.whl", hash = "sha256:3e739edd001b04f654b166204fc7a9de896cf6007eaff33409ee9e50ceaff754", size = 45081609, upload-time = "2025-10-24T10:09:18.61Z" },
    { url = "https://files.pythonhosted.org/packages/8d/42/aa9355ecc05997915af1b7b947a7f66c02dcaa927f3203b87871c114ba10/pyarrow-22.0.0-cp314-cp314t-manylinux_2_28_x86_64.whl", hash = "sha256:7388ac685cab5b279a41dfe0a6ccd99e4dbf322edfb63e02fc0443bf24134e91", size = 47703663, upload-time = "2025-10-24T10:09:27.369Z" },
    { url = "https://files.pythonhosted.org/packages/ee/62/45abedde480168e83a1de005b7b7043fd553321c1e8c5a9a114425f64842/pyarrow-22.0.0-cp314-cp314t-musllinux_1_2_aarch64.whl", hash = "sha256:f633074f36dbc33d5c05b5dc75371e5660f1dbf9c8b1d95669def05e5425989c", size = 48066543, upload-time = "2025-10-24T10:09:34.908Z" },
    { url = "https://files.pythonhosted.org/packages/84/e9/7878940a5b072e4f3bf998770acafeae13b267f9893af5f6d4ab3904b67e/pyarrow-22.0.0-cp314-cp314t-musllinux_1_2_x86_64.whl", hash = "sha256:4c19236ae2402a8663a2c8f21f1870a03cc57f0bef7e4b6eb3238cc82944de80", size = 50288838, upload-time = "2025-10-24T10:09:44.394Z" },
    { url = "https://files.pythonhosted.org/packages/7b/03/f335d6c52b4a4761bcc83499789a1e2e16d9d201a58c327a9b5cc9a41bd9/pyarrow-22.0.0-cp314-cp314t-win_amd64.whl", hash = "sha256:0c34fe18094686194f204a3b1787a27456897d8a2d62caf84b61e8dfbc0252ae", size = 29185594, upload-time = "2025-10-24T10:09:53.111Z" },
]

[[package]]
name = "python-dateutil"
version = "2.9.0.post0"
source = { registry = "https://pypi.org/simple" }
dependencies = [
    { name = "six" },
]
sdist = { url = "https://files.pythonhosted.org/packages/66/c0/0c8b6ad9f17a802ee498c46e004a0eb49bc148f2fd230864601a86dcf6db/python-dateutil-2.9.0.post0.tar.gz", hash = "sha256:37dd54208da7e1cd875388217d5e00ebd4179249f90fb72437e91a35459a0ad3", size = 342432, upload-time = "2024-03-01T18:36:20.211Z" }
wheels = [
    { url = "https://files.pythonhosted.org/packages/ec/57/56b9bcc3c9c6a792fcbaf139543cee77261f3651ca9da0c93f5c1221264b/python_dateutil-2.9.0.post0-py2.py3-none-any.whl", hash = "sha256:a8b2bc7bffae282281c8140a97d3aa9c14da0b136dfe83f850eea9a5f7470427", size = 229892, upload-time = "2024-03-01T18:36:18.57Z" },
]

[[package]]
name = "pytz"
version = "2025.2"
source = { registry = "https://pypi.org/simple" }
sdist = { url = "https://files.pythonhosted.org/packages/f8/bf/abbd3cdfb8fbc7fb3d4d38d320f2441b1e7cbe29be4f23797b4a2b5d8aac/pytz-2025.2.tar.gz", hash = "sha256:360b9e3dbb49a209c21ad61809c7fb453643e048b38924c765813546746e81c3", size = 320884, upload-time = "2025-03-25T02:25:00.538Z" }
wheels = [
    { url = "https://files.pythonhosted.org/packages/81/c4/34e93fe5f5429d7570ec1fa436f1986fb1f00c3e0f43a589fe2bbcd22c3f/pytz-2025.2-py2.py3-none-any.whl", hash = "sha256:5ddf76296dd8c44c26eb8f4b6f35488f3ccbf6fbbd7adee0b7262d43f0ec2f00", size = 509225, upload-time = "2025-03-25T02:24:58.468Z" },
]

[[package]]
name = "six"
version = "1.17.0"
source = { registry = "https://pypi.org/simple" }
sdist = { url = "https://files.pythonhosted.org/packages/94/e7/b2c673351809dca68a0e064b6af791aa332cf192da575fd474ed7d6f16a2/six-1.17.0.tar.gz", hash = "sha256:ff70335d468e7eb6ec65b95b99d3a2836546063f63acc5171de367e834932a81", size = 34031, upload-time = "2024-12-04T17:35:28.174Z" }
wheels = [
    { url = "https://files.pythonhosted.org/packages/b7/ce/149a00dd41f10bc29e5921b496af8b574d8413afcd5e30dfa0ed46c2cc5e/six-1.17.0-py2.py3-none-any.whl", hash = "sha256:4721f391ed90541fddacab5acf947aa0d3dc7d27b2e1e8eda2be8970586c3274", size = 11050, upload-time = "2024-12-04T17:35:26.475Z" },
]

[[package]]
name = "tzdata"
version = "2025.3"
source = { registry = "https://pypi.org/simple" }
sdist = { url = "https://files.pythonhosted.org/packages/5e/a7/c202b344c5ca7daf398f3b8a477eeb205cf3b6f32e7ec3a6bac0629ca975/tzdata-2025.3.tar.gz", hash = "sha256:de39c2ca5dc7b0344f2eba86f49d614019d29f060fc4ebc8a417896a620b56a7", size = 196772, upload-time = "2025-12-13T17:45:35.667Z" }
wheels = [
    { url = "https://files.pythonhosted.org/packages/c7/b0/003792df09decd6849a5e39c28b513c06e84436a54440380862b5aeff25d/tzdata-2025.3-py2.py3-none-any.whl", hash = "sha256:06a47e5700f3081aab02b2e513160914ff0694bce9947d6b76ebd6bf57cfc5d1", size = 348521, upload-time = "2025-12-13T17:45:33.889Z" },
]
